%{"bbmustache": {:hex, :bbmustache, "1.0.4", "7ba94f971c5afd7b6617918a4bb74705e36cab36eb84b19b6a1b7ee06427aa38", [:rebar], []},
  "cf": {:hex, :cf, "0.2.1", "69d0b1349fd4d7d4dc55b7f407d29d7a840bf9a1ef5af529f1ebe0ce153fc2ab", [:rebar3], []},
  "connection": {:hex, :connection, "1.0.4", "a1cae72211f0eef17705aaededacac3eb30e6625b04a6117c1b2db6ace7d5976", [:mix], []},
  "cowboy": {:hex, :cowboy, "1.0.4", "a324a8df9f2316c833a470d918aaf73ae894278b8aa6226ce7a9bf699388f878", [:rebar, :make], [{:cowlib, "~> 1.0.0", [hex: :cowlib, optional: false]}, {:ranch, "~> 1.0", [hex: :ranch, optional: false]}]},
  "cowlib": {:hex, :cowlib, "1.0.2", "9d769a1d062c9c3ac753096f868ca121e2730b9a377de23dec0f7e08b1df84ee", [:make], []},
  "elixir_make": {:hex, :elixir_make, "0.3.0", "285147fa943806eee82f6680b7b446b5569bcf3ee8328fa0a7c200ffc44fbaba", [:mix], []},
  "env": {:hex, :env, "0.2.0", "d2faa336b1ce5a29815329de420962a69954e7cca43c925098071530631333db", [:mix], []},
  "erlware_commons": {:hex, :erlware_commons, "0.21.0", "a04433071ad7d112edefc75ac77719dd3e6753e697ac09428fc83d7564b80b15", [:rebar3], [{:cf, "0.2.1", [hex: :cf, optional: false]}]},
  "exrm": {:hex, :exrm, "1.0.8", "5aa8990cdfe300282828b02cefdc339e235f7916388ce99f9a1f926a9271a45d", [:mix], [{:relx, "~> 3.5", [hex: :relx, optional: false]}]},
  "getopt": {:hex, :getopt, "0.8.2", "b17556db683000ba50370b16c0619df1337e7af7ecbf7d64fbf8d1d6bce3109b", [:rebar], []},
  "gettext": {:hex, :gettext, "0.11.0", "80c1dd42d270482418fa158ec5ba073d2980e3718bacad86f3d4ad71d5667679", [:mix], []},
  "iconv": {:git, "https://github.com/processone/iconv.git", "d522baf47018dc85df28a8fa850ce2325d1c38ec", [ref: "1.0.1"]},
  "neotoma": {:hex, :neotoma, "1.7.3", "d8bd5404b73273989946e4f4f6d529e5c2088f5fa1ca790b4dbe81f4be408e61", [:rebar], []},
  "p1_utils": {:hex, :p1_utils, "1.0.4", "7face65db102b5d1ebe7ad3c7517c5ee8cfbe174c6658e3affbb00eb66e06787", [:rebar3], []},
  "phoenix": {:hex, :phoenix, "1.2.0", "1bdeb99c254f4c534cdf98fd201dede682297ccc62fcac5d57a2627c3b6681fb", [:mix], [{:cowboy, "~> 1.0", [hex: :cowboy, optional: true]}, {:phoenix_pubsub, "~> 1.0", [hex: :phoenix_pubsub, optional: false]}, {:plug, "~> 1.1", [hex: :plug, optional: false]}, {:poison, "~> 1.5 or ~> 2.0", [hex: :poison, optional: false]}]},
  "phoenix_html": {:hex, :phoenix_html, "2.6.2", "944a5e581b0d899e4f4c838a69503ebd05300fe35ba228a74439e6253e10e0c0", [:mix], [{:plug, "~> 1.0", [hex: :plug, optional: false]}]},
  "phoenix_pubsub": {:hex, :phoenix_pubsub, "1.0.0", "c31af4be22afeeebfaf246592778c8c840e5a1ddc7ca87610c41ccfb160c2c57", [:mix], []},
  "plug": {:hex, :plug, "1.1.6", "8927e4028433fcb859e000b9389ee9c37c80eb28378eeeea31b0273350bf668b", [:mix], [{:cowboy, "~> 1.0", [hex: :cowboy, optional: true]}]},
  "poison": {:hex, :poison, "2.2.0", "4763b69a8a77bd77d26f477d196428b741261a761257ff1cf92753a0d4d24a63", [:mix], []},
  "poolboy": {:hex, :poolboy, "1.5.1", "6b46163901cfd0a1b43d692657ed9d7e599853b3b21b95ae5ae0a777cf9b6ca8", [:rebar], []},
  "providers": {:hex, :providers, "1.6.0", "db0e2f9043ae60c0155205fcd238d68516331d0e5146155e33d1e79dc452964a", [:rebar3], [{:getopt, "0.8.2", [hex: :getopt, optional: false]}]},
  "ranch": {:hex, :ranch, "1.2.1", "a6fb992c10f2187b46ffd17ce398ddf8a54f691b81768f9ef5f461ea7e28c762", [:make], []},
  "redix": {:hex, :redix, "0.4.0", "c8cfad755252e5441c4119437ba3a8989518af7aa90dbd6f4ff7207b72e4a967", [:mix], [{:connection, "~> 1.0.0", [hex: :connection, optional: false]}]},
  "redix_pubsub": {:hex, :redix_pubsub, "0.1.1", "7b6a7d4f5c148798ac268aa17083dbcd1cad2bce10dbadf5ec1cbedc2b91a15f", [:mix], [{:connection, "~> 1.0", [hex: :connection, optional: false]}, {:redix, "~> 0.4.0", [hex: :redix, optional: false]}]},
  "redix_pubsub_fastlane": {:git, "https://github.com/merqlove/redix_pubsub_fastlane.git", "1cb904c9ffb4ba14a677efb967038a69e9c67c2c", []},
  "relx": {:hex, :relx, "3.20.0", "b515b8317d25b3a1508699294c3d1fa6dc0527851dffc87446661bce21a36710", [:rebar3], [{:bbmustache, "1.0.4", [hex: :bbmustache, optional: false]}, {:cf, "0.2.1", [hex: :cf, optional: false]}, {:erlware_commons, "0.21.0", [hex: :erlware_commons, optional: false]}, {:getopt, "0.8.2", [hex: :getopt, optional: false]}, {:providers, "1.6.0", [hex: :providers, optional: false]}]}}
